
Microsoft Visual Studio Solution File, Format Version 12.00
# Visual Studio Version 17
VisualStudioVersion = 17.5.002.0
MinimumVisualStudioVersion = 10.0.40219.1
Project("{9A19103F-16F7-4668-BE54-9A1E7A4F7556}") = "IMS", "IMS.csproj", "{3005BC3B-9A83-4331-AFD1-B0F0F0947835}"
EndProject
Global
	GlobalSection(SolutionConfigurationPlatforms) = preSolution
		Debug|Any CPU = Debug|Any CPU
		Release|Any CPU = Release|Any CPU
	EndGlobalSection
	GlobalSection(ProjectConfigurationPlatforms) = postSolution
		{3005BC3B-9A83-4331-AFD1-B0F0F0947835}.Debug|Any CPU.ActiveCfg = Debug|Any CPU
		{3005BC3B-9A83-4331-AFD1-B0F0F0947835}.Debug|Any CPU.Build.0 = Debug|Any CPU
		{3005BC3B-9A83-4331-AFD1-B0F0F0947835}.Release|Any CPU.ActiveCfg = Release|Any CPU
		{3005BC3B-9A83-4331-AFD1-B0F0F0947835}.Release|Any CPU.Build.0 = Release|Any CPU
	EndGlobalSection
	GlobalSection(SolutionProperties) = preSolution
		HideSolutionNode = FALSE
	EndGlobalSection
	GlobalSection(ExtensibilityGlobals) = postSolution
		SolutionGuid = {778DF42A-3445-49B7-BA1B-C5349D32A236}
	EndGlobalSection
EndGlobal
